
Microsoft Visual Studio Solution File, Format Version 12.00
# Visual Studio 15
VisualStudioVersion = 15.0.28307.1267
MinimumVisualStudioVersion = 10.0.40219.1
Project("{8BC9CEB8-8B4A-11D0-8D11-00A0C91BC942}") = "Project2", "Project2\Project2.vcxproj", "{0D00324C-27EB-4D81-8113-C076504971C6}"
EndProject
Project("{8BC9CEB8-8B4A-11D0-8D11-00A0C91BC942}") = "Lab2(2course 1 part)", "Lab2(2course 1 part)\Lab2(2course 1 part).vcxproj", "{DFE249F3-7792-4EC6-919D-611514FCCE01}"
EndProject
Global
	GlobalSection(SolutionConfigurationPlatforms) = preSolution
		Debug|x64 = Debug|x64
		Debug|x86 = Debug|x86
		Release|x64 = Release|x64
		Release|x86 = Release|x86
	EndGlobalSection
	GlobalSection(ProjectConfigurationPlatforms) = postSolution
		{0D00324C-27EB-4D81-8113-C076504971C6}.Debug|x64.ActiveCfg = Debug|x64
		{0D00324C-27EB-4D81-8113-C076504971C6}.Debug|x64.Build.0 = Debug|x64
		{0D00324C-27EB-4D81-8113-C076504971C6}.Debug|x86.ActiveCfg = Debug|Win32
		{0D00324C-27EB-4D81-8113-C076504971C6}.Debug|x86.Build.0 = Debug|Win32
		{0D00324C-27EB-4D81-8113-C076504971C6}.Release|x64.ActiveCfg = Release|x64
		{0D00324C-27EB-4D81-8113-C076504971C6}.Release|x64.Build.0 = Release|x64
		{0D00324C-27EB-4D81-8113-C076504971C6}.Release|x86.ActiveCfg = Release|Win32
		{0D00324C-27EB-4D81-8113-C076504971C6}.Release|x86.Build.0 = Release|Win32
		{DFE249F3-7792-4EC6-919D-611514FCCE01}.Debug|x64.ActiveCfg = Debug|x64
		{DFE249F3-7792-4EC6-919D-611514FCCE01}.Debug|x64.Build.0 = Debug|x64
		{DFE249F3-7792-4EC6-919D-611514FCCE01}.Debug|x86.ActiveCfg = Debug|Win32
		{DFE249F3-7792-4EC6-919D-611514FCCE01}.Debug|x86.Build.0 = Debug|Win32
		{DFE249F3-7792-4EC6-919D-611514FCCE01}.Release|x64.ActiveCfg = Release|x64
		{DFE249F3-7792-4EC6-919D-611514FCCE01}.Release|x64.Build.0 = Release|x64
		{DFE249F3-7792-4EC6-919D-611514FCCE01}.Release|x86.ActiveCfg = Release|Win32
		{DFE249F3-7792-4EC6-919D-611514FCCE01}.Release|x86.Build.0 = Release|Win32
	EndGlobalSection
	GlobalSection(SolutionProperties) = preSolution
		HideSolutionNode = FALSE
	EndGlobalSection
	GlobalSection(ExtensibilityGlobals) = postSolution
		SolutionGuid = {003D4BE3-88FE-4CDC-9605-37ACDB3FEBAC}
	EndGlobalSection
EndGlobal
