
Microsoft Visual Studio Solution File, Format Version 12.00
# Visual Studio 15
VisualStudioVersion = 15.0.28307.1267
MinimumVisualStudioVersion = 10.0.40219.1
Project("{8BC9CEB8-8B4A-11D0-8D11-00A0C91BC942}") = "Lab9B", "Lab9B\Lab9B.vcxproj", "{D080FA74-537D-4A40-94B2-53984DBD854D}"
EndProject
Global
	GlobalSection(SolutionConfigurationPlatforms) = preSolution
		Debug|x64 = Debug|x64
		Debug|x86 = Debug|x86
		Release|x64 = Release|x64
		Release|x86 = Release|x86
	EndGlobalSection
	GlobalSection(ProjectConfigurationPlatforms) = postSolution
		{D080FA74-537D-4A40-94B2-53984DBD854D}.Debug|x64.ActiveCfg = Debug|x64
		{D080FA74-537D-4A40-94B2-53984DBD854D}.Debug|x64.Build.0 = Debug|x64
		{D080FA74-537D-4A40-94B2-53984DBD854D}.Debug|x86.ActiveCfg = Debug|Win32
		{D080FA74-537D-4A40-94B2-53984DBD854D}.Debug|x86.Build.0 = Debug|Win32
		{D080FA74-537D-4A40-94B2-53984DBD854D}.Release|x64.ActiveCfg = Release|x64
		{D080FA74-537D-4A40-94B2-53984DBD854D}.Release|x64.Build.0 = Release|x64
		{D080FA74-537D-4A40-94B2-53984DBD854D}.Release|x86.ActiveCfg = Release|Win32
		{D080FA74-537D-4A40-94B2-53984DBD854D}.Release|x86.Build.0 = Release|Win32
	EndGlobalSection
	GlobalSection(SolutionProperties) = preSolution
		HideSolutionNode = FALSE
	EndGlobalSection
	GlobalSection(ExtensibilityGlobals) = postSolution
		SolutionGuid = {25BF948E-B1AE-40B6-89BD-7345D762E27C}
	EndGlobalSection
EndGlobal
