
Microsoft Visual Studio Solution File, Format Version 12.00
# Visual Studio 15
VisualStudioVersion = 15.0.28307.1267
MinimumVisualStudioVersion = 10.0.40219.1
Project("{8BC9CEB8-8B4A-11D0-8D11-00A0C91BC942}") = "Lab2", "Lab2\Lab2.vcxproj", "{9D000922-472B-4899-A3DA-11959C362ED2}"
EndProject
Project("{8BC9CEB8-8B4A-11D0-8D11-00A0C91BC942}") = "Lab2(2course 1 part)", "Lab2(2course 1 part)\Lab2(2course 1 part).vcxproj", "{DFE249F3-7792-4EC6-919D-611514FCCE01}"
EndProject
Project("{8BC9CEB8-8B4A-11D0-8D11-00A0C91BC942}") = "Lab2A(2 course 1 part)", "Lab2A(2 course 1 part)\Lab2A(2 course 1 part).vcxproj", "{F5FFB67A-934C-41CB-9F3C-2B764EB4924B}"
EndProject
Project("{8BC9CEB8-8B4A-11D0-8D11-00A0C91BC942}") = "Lab2B(course 2 part 1)", "Lab2B(course 2 part 1)\Lab2B(course 2 part 1).vcxproj", "{6CFB5043-BAC3-4EAD-B51A-54B08EDC5361}"
EndProject
Global
	GlobalSection(SolutionConfigurationPlatforms) = preSolution
		Debug|x64 = Debug|x64
		Debug|x86 = Debug|x86
		Release|x64 = Release|x64
		Release|x86 = Release|x86
	EndGlobalSection
	GlobalSection(ProjectConfigurationPlatforms) = postSolution
		{9D000922-472B-4899-A3DA-11959C362ED2}.Debug|x64.ActiveCfg = Debug|x64
		{9D000922-472B-4899-A3DA-11959C362ED2}.Debug|x64.Build.0 = Debug|x64
		{9D000922-472B-4899-A3DA-11959C362ED2}.Debug|x86.ActiveCfg = Debug|Win32
		{9D000922-472B-4899-A3DA-11959C362ED2}.Debug|x86.Build.0 = Debug|Win32
		{9D000922-472B-4899-A3DA-11959C362ED2}.Release|x64.ActiveCfg = Release|x64
		{9D000922-472B-4899-A3DA-11959C362ED2}.Release|x64.Build.0 = Release|x64
		{9D000922-472B-4899-A3DA-11959C362ED2}.Release|x86.ActiveCfg = Release|Win32
		{9D000922-472B-4899-A3DA-11959C362ED2}.Release|x86.Build.0 = Release|Win32
		{DFE249F3-7792-4EC6-919D-611514FCCE01}.Debug|x64.ActiveCfg = Debug|x64
		{DFE249F3-7792-4EC6-919D-611514FCCE01}.Debug|x64.Build.0 = Debug|x64
		{DFE249F3-7792-4EC6-919D-611514FCCE01}.Debug|x86.ActiveCfg = Debug|Win32
		{DFE249F3-7792-4EC6-919D-611514FCCE01}.Debug|x86.Build.0 = Debug|Win32
		{DFE249F3-7792-4EC6-919D-611514FCCE01}.Release|x64.ActiveCfg = Release|x64
		{DFE249F3-7792-4EC6-919D-611514FCCE01}.Release|x64.Build.0 = Release|x64
		{DFE249F3-7792-4EC6-919D-611514FCCE01}.Release|x86.ActiveCfg = Release|Win32
		{DFE249F3-7792-4EC6-919D-611514FCCE01}.Release|x86.Build.0 = Release|Win32
		{F5FFB67A-934C-41CB-9F3C-2B764EB4924B}.Debug|x64.ActiveCfg = Debug|x64
		{F5FFB67A-934C-41CB-9F3C-2B764EB4924B}.Debug|x64.Build.0 = Debug|x64
		{F5FFB67A-934C-41CB-9F3C-2B764EB4924B}.Debug|x86.ActiveCfg = Debug|Win32
		{F5FFB67A-934C-41CB-9F3C-2B764EB4924B}.Debug|x86.Build.0 = Debug|Win32
		{F5FFB67A-934C-41CB-9F3C-2B764EB4924B}.Release|x64.ActiveCfg = Release|x64
		{F5FFB67A-934C-41CB-9F3C-2B764EB4924B}.Release|x64.Build.0 = Release|x64
		{F5FFB67A-934C-41CB-9F3C-2B764EB4924B}.Release|x86.ActiveCfg = Release|Win32
		{F5FFB67A-934C-41CB-9F3C-2B764EB4924B}.Release|x86.Build.0 = Release|Win32
		{6CFB5043-BAC3-4EAD-B51A-54B08EDC5361}.Debug|x64.ActiveCfg = Debug|x64
		{6CFB5043-BAC3-4EAD-B51A-54B08EDC5361}.Debug|x64.Build.0 = Debug|x64
		{6CFB5043-BAC3-4EAD-B51A-54B08EDC5361}.Debug|x86.ActiveCfg = Debug|Win32
		{6CFB5043-BAC3-4EAD-B51A-54B08EDC5361}.Debug|x86.Build.0 = Debug|Win32
		{6CFB5043-BAC3-4EAD-B51A-54B08EDC5361}.Release|x64.ActiveCfg = Release|x64
		{6CFB5043-BAC3-4EAD-B51A-54B08EDC5361}.Release|x64.Build.0 = Release|x64
		{6CFB5043-BAC3-4EAD-B51A-54B08EDC5361}.Release|x86.ActiveCfg = Release|Win32
		{6CFB5043-BAC3-4EAD-B51A-54B08EDC5361}.Release|x86.Build.0 = Release|Win32
	EndGlobalSection
	GlobalSection(SolutionProperties) = preSolution
		HideSolutionNode = FALSE
	EndGlobalSection
	GlobalSection(ExtensibilityGlobals) = postSolution
		SolutionGuid = {6B536D3E-6B63-453D-A9D4-78D8D8C79C54}
	EndGlobalSection
EndGlobal
