
Microsoft Visual Studio Solution File, Format Version 12.00
# Visual Studio 15
VisualStudioVersion = 15.0.28307.1082
MinimumVisualStudioVersion = 10.0.40219.1
Project("{8BC9CEB8-8B4A-11D0-8D11-00A0C91BC942}") = "Lab3(course 2 part1)", "Lab3(course 2 part1)\Lab3(course 2 part1).vcxproj", "{4A867556-3A8E-408F-BF16-495487C9727C}"
EndProject
Global
	GlobalSection(SolutionConfigurationPlatforms) = preSolution
		Debug|x64 = Debug|x64
		Debug|x86 = Debug|x86
		Release|x64 = Release|x64
		Release|x86 = Release|x86
	EndGlobalSection
	GlobalSection(ProjectConfigurationPlatforms) = postSolution
		{4A867556-3A8E-408F-BF16-495487C9727C}.Debug|x64.ActiveCfg = Debug|x64
		{4A867556-3A8E-408F-BF16-495487C9727C}.Debug|x64.Build.0 = Debug|x64
		{4A867556-3A8E-408F-BF16-495487C9727C}.Debug|x86.ActiveCfg = Debug|Win32
		{4A867556-3A8E-408F-BF16-495487C9727C}.Debug|x86.Build.0 = Debug|Win32
		{4A867556-3A8E-408F-BF16-495487C9727C}.Release|x64.ActiveCfg = Release|x64
		{4A867556-3A8E-408F-BF16-495487C9727C}.Release|x64.Build.0 = Release|x64
		{4A867556-3A8E-408F-BF16-495487C9727C}.Release|x86.ActiveCfg = Release|Win32
		{4A867556-3A8E-408F-BF16-495487C9727C}.Release|x86.Build.0 = Release|Win32
	EndGlobalSection
	GlobalSection(SolutionProperties) = preSolution
		HideSolutionNode = FALSE
	EndGlobalSection
	GlobalSection(ExtensibilityGlobals) = postSolution
		SolutionGuid = {6936CADE-E3DD-4DFF-9636-FB4EFD27B1AE}
	EndGlobalSection
EndGlobal
