
Microsoft Visual Studio Solution File, Format Version 12.00
# Visual Studio 15
VisualStudioVersion = 15.0.28307.1267
MinimumVisualStudioVersion = 10.0.40219.1
Project("{8BC9CEB8-8B4A-11D0-8D11-00A0C91BC942}") = "Lab7", "Lab7\Lab7.vcxproj", "{99C89099-7F8A-48E0-9773-1D7BC3B4F9CA}"
EndProject
Project("{8BC9CEB8-8B4A-11D0-8D11-00A0C91BC942}") = "Lab7A(course 2 part 1)", "Lab7A(course 2 part 1)\Lab7A(course 2 part 1).vcxproj", "{B316401F-68E0-4013-8956-C5D2E8E892D0}"
EndProject
Project("{8BC9CEB8-8B4A-11D0-8D11-00A0C91BC942}") = "Lab7B(course 2 part 1)", "Lab7B(course 2 part 1)\Lab7B(course 2 part 1).vcxproj", "{5CC54501-08CD-4A53-9C2B-77B6D9A938E2}"
EndProject
Project("{8BC9CEB8-8B4A-11D0-8D11-00A0C91BC942}") = "Lab7V(course 2 part 1)", "Lab7V(course 2 part 1)\Lab7V(course 2 part 1).vcxproj", "{32595646-45AC-4277-8AD4-52EC8492C16F}"
EndProject
Global
	GlobalSection(SolutionConfigurationPlatforms) = preSolution
		Debug|x64 = Debug|x64
		Debug|x86 = Debug|x86
		Release|x64 = Release|x64
		Release|x86 = Release|x86
	EndGlobalSection
	GlobalSection(ProjectConfigurationPlatforms) = postSolution
		{99C89099-7F8A-48E0-9773-1D7BC3B4F9CA}.Debug|x64.ActiveCfg = Debug|x64
		{99C89099-7F8A-48E0-9773-1D7BC3B4F9CA}.Debug|x64.Build.0 = Debug|x64
		{99C89099-7F8A-48E0-9773-1D7BC3B4F9CA}.Debug|x86.ActiveCfg = Debug|Win32
		{99C89099-7F8A-48E0-9773-1D7BC3B4F9CA}.Debug|x86.Build.0 = Debug|Win32
		{99C89099-7F8A-48E0-9773-1D7BC3B4F9CA}.Release|x64.ActiveCfg = Release|x64
		{99C89099-7F8A-48E0-9773-1D7BC3B4F9CA}.Release|x64.Build.0 = Release|x64
		{99C89099-7F8A-48E0-9773-1D7BC3B4F9CA}.Release|x86.ActiveCfg = Release|Win32
		{99C89099-7F8A-48E0-9773-1D7BC3B4F9CA}.Release|x86.Build.0 = Release|Win32
		{B316401F-68E0-4013-8956-C5D2E8E892D0}.Debug|x64.ActiveCfg = Debug|x64
		{B316401F-68E0-4013-8956-C5D2E8E892D0}.Debug|x64.Build.0 = Debug|x64
		{B316401F-68E0-4013-8956-C5D2E8E892D0}.Debug|x86.ActiveCfg = Debug|Win32
		{B316401F-68E0-4013-8956-C5D2E8E892D0}.Debug|x86.Build.0 = Debug|Win32
		{B316401F-68E0-4013-8956-C5D2E8E892D0}.Release|x64.ActiveCfg = Release|x64
		{B316401F-68E0-4013-8956-C5D2E8E892D0}.Release|x64.Build.0 = Release|x64
		{B316401F-68E0-4013-8956-C5D2E8E892D0}.Release|x86.ActiveCfg = Release|Win32
		{B316401F-68E0-4013-8956-C5D2E8E892D0}.Release|x86.Build.0 = Release|Win32
		{5CC54501-08CD-4A53-9C2B-77B6D9A938E2}.Debug|x64.ActiveCfg = Debug|x64
		{5CC54501-08CD-4A53-9C2B-77B6D9A938E2}.Debug|x64.Build.0 = Debug|x64
		{5CC54501-08CD-4A53-9C2B-77B6D9A938E2}.Debug|x86.ActiveCfg = Debug|Win32
		{5CC54501-08CD-4A53-9C2B-77B6D9A938E2}.Debug|x86.Build.0 = Debug|Win32
		{5CC54501-08CD-4A53-9C2B-77B6D9A938E2}.Release|x64.ActiveCfg = Release|x64
		{5CC54501-08CD-4A53-9C2B-77B6D9A938E2}.Release|x64.Build.0 = Release|x64
		{5CC54501-08CD-4A53-9C2B-77B6D9A938E2}.Release|x86.ActiveCfg = Release|Win32
		{5CC54501-08CD-4A53-9C2B-77B6D9A938E2}.Release|x86.Build.0 = Release|Win32
		{32595646-45AC-4277-8AD4-52EC8492C16F}.Debug|x64.ActiveCfg = Debug|x64
		{32595646-45AC-4277-8AD4-52EC8492C16F}.Debug|x64.Build.0 = Debug|x64
		{32595646-45AC-4277-8AD4-52EC8492C16F}.Debug|x86.ActiveCfg = Debug|Win32
		{32595646-45AC-4277-8AD4-52EC8492C16F}.Debug|x86.Build.0 = Debug|Win32
		{32595646-45AC-4277-8AD4-52EC8492C16F}.Release|x64.ActiveCfg = Release|x64
		{32595646-45AC-4277-8AD4-52EC8492C16F}.Release|x64.Build.0 = Release|x64
		{32595646-45AC-4277-8AD4-52EC8492C16F}.Release|x86.ActiveCfg = Release|Win32
		{32595646-45AC-4277-8AD4-52EC8492C16F}.Release|x86.Build.0 = Release|Win32
	EndGlobalSection
	GlobalSection(SolutionProperties) = preSolution
		HideSolutionNode = FALSE
	EndGlobalSection
	GlobalSection(ExtensibilityGlobals) = postSolution
		SolutionGuid = {98FEECFC-4B9B-4322-A604-E0E64940BAC7}
	EndGlobalSection
EndGlobal
